
Microsoft Visual Studio Solution File, Format Version 12.00
Project("{FAE04EC0-301F-11D3-BF4B-00C04F79EFBC}") = "MagicFileEncoding", "MagicFileEncoding\MagicFileEncoding.csproj", "{89C8EAD5-218B-46A8-8DE9-93783166F9FC}"
EndProject
Project("{FAE04EC0-301F-11D3-BF4B-00C04F79EFBC}") = "UnitTests", "UnitTests\UnitTests.csproj", "{83F84B60-DBC5-4738-AC63-4EFB547BF9F7}"
EndProject
Global
	GlobalSection(SolutionConfigurationPlatforms) = preSolution
		Debug|Any CPU = Debug|Any CPU
		Release|Any CPU = Release|Any CPU
	EndGlobalSection
	GlobalSection(ProjectConfigurationPlatforms) = postSolution
		{89C8EAD5-218B-46A8-8DE9-93783166F9FC}.Debug|Any CPU.ActiveCfg = Debug|Any CPU
		{89C8EAD5-218B-46A8-8DE9-93783166F9FC}.Debug|Any CPU.Build.0 = Debug|Any CPU
		{89C8EAD5-218B-46A8-8DE9-93783166F9FC}.Release|Any CPU.ActiveCfg = Release|Any CPU
		{89C8EAD5-218B-46A8-8DE9-93783166F9FC}.Release|Any CPU.Build.0 = Release|Any CPU
		{83F84B60-DBC5-4738-AC63-4EFB547BF9F7}.Debug|Any CPU.ActiveCfg = Debug|Any CPU
		{83F84B60-DBC5-4738-AC63-4EFB547BF9F7}.Debug|Any CPU.Build.0 = Debug|Any CPU
		{83F84B60-DBC5-4738-AC63-4EFB547BF9F7}.Release|Any CPU.ActiveCfg = Release|Any CPU
		{83F84B60-DBC5-4738-AC63-4EFB547BF9F7}.Release|Any CPU.Build.0 = Release|Any CPU
	EndGlobalSection
EndGlobal
